
Microsoft Visual Studio Solution File, Format Version 12.00
# Visual Studio Version 16
VisualStudioVersion = 16.0.31424.327
MinimumVisualStudioVersion = 10.0.40219.1
Project("{FAE04EC0-301F-11D3-BF4B-00C04F79EFBC}") = "EntityFrameworkCoreTutorial", "EntityFrameworkCoreTutorial\EntityFrameworkCoreTutorial.csproj", "{B6A22060-A122-47F3-9F34-ED52D58CE0A8}"
EndProject
Global
	GlobalSection(SolutionConfigurationPlatforms) = preSolution
		Debug|Any CPU = Debug|Any CPU
		Release|Any CPU = Release|Any CPU
	EndGlobalSection
	GlobalSection(ProjectConfigurationPlatforms) = postSolution
		{B6A22060-A122-47F3-9F34-ED52D58CE0A8}.Debug|Any CPU.ActiveCfg = Debug|Any CPU
		{B6A22060-A122-47F3-9F34-ED52D58CE0A8}.Debug|Any CPU.Build.0 = Debug|Any CPU
		{B6A22060-A122-47F3-9F34-ED52D58CE0A8}.Release|Any CPU.ActiveCfg = Release|Any CPU
		{B6A22060-A122-47F3-9F34-ED52D58CE0A8}.Release|Any CPU.Build.0 = Release|Any CPU
	EndGlobalSection
	GlobalSection(SolutionProperties) = preSolution
		HideSolutionNode = FALSE
	EndGlobalSection
	GlobalSection(ExtensibilityGlobals) = postSolution
		SolutionGuid = {2EDF4107-F38A-4216-BCC6-11E73A6560EA}
	EndGlobalSection
EndGlobal
